
Microsoft Visual Studio Solution File, Format Version 12.00
# Visual Studio Version 16
VisualStudioVersion = 16.0.31025.194
MinimumVisualStudioVersion = 10.0.40219.1
Project("{9A19103F-16F7-4668-BE54-9A1E7A4F7556}") = "PCCostCalculator", "..\PCCostCalculator\PCCostCalculator\PCCostCalculator.csproj", "{BD54E9A7-EDC4-4276-B746-D7484D0BC10B}"
EndProject
Global
	GlobalSection(SolutionConfigurationPlatforms) = preSolution
		Debug|Any CPU = Debug|Any CPU
		Release|Any CPU = Release|Any CPU
	EndGlobalSection
	GlobalSection(ProjectConfigurationPlatforms) = postSolution
		{BD54E9A7-EDC4-4276-B746-D7484D0BC10B}.Debug|Any CPU.ActiveCfg = Debug|Any CPU
		{BD54E9A7-EDC4-4276-B746-D7484D0BC10B}.Debug|Any CPU.Build.0 = Debug|Any CPU
		{BD54E9A7-EDC4-4276-B746-D7484D0BC10B}.Release|Any CPU.ActiveCfg = Release|Any CPU
		{BD54E9A7-EDC4-4276-B746-D7484D0BC10B}.Release|Any CPU.Build.0 = Release|Any CPU
	EndGlobalSection
	GlobalSection(SolutionProperties) = preSolution
		HideSolutionNode = FALSE
	EndGlobalSection
	GlobalSection(ExtensibilityGlobals) = postSolution
		SolutionGuid = {B648FBC0-ED60-456E-8DB8-8A5514FF21D7}
	EndGlobalSection
EndGlobal
